<Solution>
  <Configurations>
    <Platform Name="Any CPU" />
    <Platform Name="x64" />
  </Configurations>
  <Project Path="CrystallineGrowth/CrystallineGrowth.csproj">
    <Platform Solution="*|x64" Project="x64" />
  </Project>
  <Project Path="CrystallineGrowth.Tests/CrystallineGrowth.Tests.csproj" />
  <Project Path="CrystallineGrowth.Harness/CrystallineGrowth.Harness.csproj" />
  <Project Path="YukkuriMovieMaker.Generator/YukkuriMovieMaker.Generator/YukkuriMovieMaker.Generator.csproj" />
</Solution>
